// !$*UTF8*$!
{
	archiveVersion = 1;
	classes = {
	};
	objectVersion = 46;
	objects = {

/* Begin PBXBuildFile section */
		019B16061BFF7CFD00B479F4 /* cursors in Resources */ = {isa = PBXBuildFile; fileRef = 019B15FB1BFF7CFA00B479F4 /* cursors */; };
		019B16071BFF7CFD00B479F4 /* documentation in Resources */ = {isa = PBXBuildFile; fileRef = 019B15FC1BFF7CFA00B479F4 /* documentation */; };
		019B16081BFF7CFD00B479F4 /* fonts in Resources */ = {isa = PBXBuildFile; fileRef = 019B15FD1BFF7CFA00B479F4 /* fonts */; };
		019B16091BFF7CFD00B479F4 /* icon_task_black.png in Resources */ = {isa = PBXBuildFile; fileRef = 019B15FE1BFF7CFA00B479F4 /* icon_task_black.png */; };
		019B160A1BFF7CFD00B479F4 /* icon_task_white.png in Resources */ = {isa = PBXBuildFile; fileRef = 019B15FF1BFF7CFA00B479F4 /* icon_task_white.png */; };
		019B160B1BFF7CFD00B479F4 /* MainMenu.xib in Resources */ = {isa = PBXBuildFile; fileRef = 019B16001BFF7CFA00B479F4 /* MainMenu.xib */; };
		019B160D1BFF7CFD00B479F4 /* settings.xml in Resources */ = {isa = PBXBuildFile; fileRef = 019B16021BFF7CFA00B479F4 /* settings.xml */; };
		019B160E1BFF7CFD00B479F4 /* shaders in Resources */ = {isa = PBXBuildFile; fileRef = 019B16031BFF7CFA00B479F4 /* shaders */; };
		019B160F1BFF7CFD00B479F4 /* tools in Resources */ = {isa = PBXBuildFile; fileRef = 019B16041BFF7CFA00B479F4 /* tools */; };
		019B16101BFF7CFD00B479F4 /* tutorial in Resources */ = {isa = PBXBuildFile; fileRef = 019B16051BFF7CFA00B479F4 /* tutorial */; };
		019B16121BFF7E0400B479F4 /* main.mm in Sources */ = {isa = PBXBuildFile; fileRef = 019B16111BFF7E0400B479F4 /* main.mm */; };
		1F9887E156EC9A1F76A881B7 /* MainView.mm in Sources */ = {isa = PBXBuildFile; fileRef = 74502016E83561598E9F1614 /* MainView.mm */; };
		24E53321950C7F0638CE771B /* ofxSvgLoader.cpp in Sources */ = {isa = PBXBuildFile; fileRef = 81A791E804E69C6609D9085B /* ofxSvgLoader.cpp */; };
		26A6671F023A9D6E85F98CD3 /* Manager.mm in Sources */ = {isa = PBXBuildFile; fileRef = E46E652ED2192718FB7EC06F /* Manager.mm */; };
		3BB2BA7AFF9E6D84AF73B36E /* svgtiny.cpp in Sources */ = {isa = PBXBuildFile; fileRef = E91800427344129BA9B577A8 /* svgtiny.cpp */; };
		44388FA5857D59FA8F9B52AC /* ofxCocoaUtils.mm in Sources */ = {isa = PBXBuildFile; fileRef = 09A417E5BDEE611F8E24B002 /* ofxCocoaUtils.mm */; };
		45A0C6BA8B3F9A5094769970 /* svgtiny_list.cpp in Sources */ = {isa = PBXBuildFile; fileRef = EF00A4B3EC46F0F316096FD7 /* svgtiny_list.cpp */; };
		67ECE1AA209B62B37AF80938 /* ofxSvgBase.cpp in Sources */ = {isa = PBXBuildFile; fileRef = 74B5E4E29D031AC517B025CC /* ofxSvgBase.cpp */; };
		85435BA9BB6BC3C72794C4CA /* ofxCocoaGLView.mm in Sources */ = {isa = PBXBuildFile; fileRef = DD31BD78C1EEF52210EEB973 /* ofxCocoaGLView.mm */; };
		94DB4D7602EAE4C3FB11791A /* src_colors.cpp in Sources */ = {isa = PBXBuildFile; fileRef = 5C1C5EEDEE1726CAF180D4FA /* src_colors.cpp */; };
		B5B5D4758CAA51D07B40C79D /* Shape.mm in Sources */ = {isa = PBXBuildFile; fileRef = 980F3D9F6B992C4098A22FF8 /* Shape.mm */; };
		D312016F653749193BE87CFF /* ofxSvgGroup.cpp in Sources */ = {isa = PBXBuildFile; fileRef = 3CE1BF488C57A151E3F57C86 /* ofxSvgGroup.cpp */; };
		DC7E689ED29EF3AC5CCA9E9B /* ToolsView.mm in Sources */ = {isa = PBXBuildFile; fileRef = 4B4B88D93FC96FE613E06609 /* ToolsView.mm */; };
		E4328149138ABC9F0047C5CB /* openFrameworksDebug.a in Frameworks */ = {isa = PBXBuildFile; fileRef = E4328148138ABC890047C5CB /* openFrameworksDebug.a */; };
		E9091509AEBEDEE1BA1C6285 /* AppDelegate.m in Sources */ = {isa = PBXBuildFile; fileRef = D00A66F20DF41FFD0B32A05B /* AppDelegate.m */; };
		F9BA456A98A3891F541CC53D /* svgtiny_gradient.cpp in Sources */ = {isa = PBXBuildFile; fileRef = C15AC28AE73FFDF00C18C4C3 /* svgtiny_gradient.cpp */; };
		FCD9F5B20CA22E1DE527E8DB /* StatusbarDelegate.mm in Sources */ = {isa = PBXBuildFile; fileRef = 40BF8BC8E1AEB59F050B6B0B /* StatusbarDelegate.mm */; };
/* End PBXBuildFile section */

/* Begin PBXContainerItemProxy section */
		E4328147138ABC890047C5CB /* PBXContainerItemProxy */ = {
			isa = PBXContainerItemProxy;
			containerPortal = E4328143138ABC890047C5CB /* openFrameworksLib.xcodeproj */;
			proxyType = 2;
			remoteGlobalIDString = E4B27C1510CBEB8E00536013;
			remoteInfo = openFrameworks;
		};
		E4EEB9AB138B136A00A80321 /* PBXContainerItemProxy */ = {
			isa = PBXContainerItemProxy;
			containerPortal = E4328143138ABC890047C5CB /* openFrameworksLib.xcodeproj */;
			proxyType = 1;
			remoteGlobalIDString = E4B27C1410CBEB8E00536013;
			remoteInfo = openFrameworks;
		};
/* End PBXContainerItemProxy section */

/* Begin PBXCopyFilesBuildPhase section */
		E4C2427710CC5ABF004149E2 /* CopyFiles */ = {
			isa = PBXCopyFilesBuildPhase;
			buildActionMask = 2147483647;
			dstPath = "";
			dstSubfolderSpec = 10;
			files = (
			);
			runOnlyForDeploymentPostprocessing = 0;
		};
/* End PBXCopyFilesBuildPhase section */

/* Begin PBXFileReference section */
		019B15FB1BFF7CFA00B479F4 /* cursors */ = {isa = PBXFileReference; lastKnownFileType = folder; name = cursors; path = Resources/cursors; sourceTree = "<group>"; };
		019B15FC1BFF7CFA00B479F4 /* documentation */ = {isa = PBXFileReference; lastKnownFileType = folder; name = documentation; path = Resources/documentation; sourceTree = "<group>"; };
		019B15FD1BFF7CFA00B479F4 /* fonts */ = {isa = PBXFileReference; lastKnownFileType = folder; name = fonts; path = Resources/fonts; sourceTree = "<group>"; };
		019B15FE1BFF7CFA00B479F4 /* icon_task_black.png */ = {isa = PBXFileReference; lastKnownFileType = image.png; name = icon_task_black.png; path = Resources/icon_task_black.png; sourceTree = "<group>"; };
		019B15FF1BFF7CFA00B479F4 /* icon_task_white.png */ = {isa = PBXFileReference; lastKnownFileType = image.png; name = icon_task_white.png; path = Resources/icon_task_white.png; sourceTree = "<group>"; };
		019B16001BFF7CFA00B479F4 /* MainMenu.xib */ = {isa = PBXFileReference; lastKnownFileType = file.xib; name = MainMenu.xib; path = Resources/MainMenu.xib; sourceTree = "<group>"; };
		019B16021BFF7CFA00B479F4 /* settings.xml */ = {isa = PBXFileReference; lastKnownFileType = text.xml; name = settings.xml; path = Resources/settings.xml; sourceTree = "<group>"; };
		019B16031BFF7CFA00B479F4 /* shaders */ = {isa = PBXFileReference; lastKnownFileType = folder; name = shaders; path = Resources/shaders; sourceTree = "<group>"; };
		019B16041BFF7CFA00B479F4 /* tools */ = {isa = PBXFileReference; lastKnownFileType = folder; name = tools; path = Resources/tools; sourceTree = "<group>"; };
		019B16051BFF7CFA00B479F4 /* tutorial */ = {isa = PBXFileReference; lastKnownFileType = folder; name = tutorial; path = Resources/tutorial; sourceTree = "<group>"; };
		019B16111BFF7E0400B479F4 /* main.mm */ = {isa = PBXFileReference; fileEncoding = 4; lastKnownFileType = sourcecode.cpp.objcpp; path = main.mm; sourceTree = "<group>"; };
		09A417E5BDEE611F8E24B002 /* ofxCocoaUtils.mm */ = {isa = PBXFileReference; explicitFileType = sourcecode.cpp.objcpp; fileEncoding = 30; name = ofxCocoaUtils.mm; path = src/maskmask/ofxCocoaUtils.mm; sourceTree = SOURCE_ROOT; };
		2CE1CB5DCF4228611BA16CB7 /* AppDelegate.h */ = {isa = PBXFileReference; explicitFileType = sourcecode.c.h; fileEncoding = 30; name = AppDelegate.h; path = src/AppDelegate.h; sourceTree = SOURCE_ROOT; };
		33A074C70635C44A974FBAAB /* Manager.h */ = {isa = PBXFileReference; explicitFileType = sourcecode.c.h; fileEncoding = 30; name = Manager.h; path = src/maskmask/Manager.h; sourceTree = SOURCE_ROOT; };
		3CE1BF488C57A151E3F57C86 /* ofxSvgGroup.cpp */ = {isa = PBXFileReference; explicitFileType = sourcecode.cpp.cpp; fileEncoding = 30; name = ofxSvgGroup.cpp; path = ../../../addons/ofxSvgLoader/src/ofxSvgGroup.cpp; sourceTree = SOURCE_ROOT; };
		40BF8BC8E1AEB59F050B6B0B /* StatusbarDelegate.mm */ = {isa = PBXFileReference; explicitFileType = sourcecode.cpp.objcpp; fileEncoding = 30; name = StatusbarDelegate.mm; path = src/StatusbarDelegate.mm; sourceTree = SOURCE_ROOT; };
		45FF0D3B4A5CA35C95A8BE91 /* MaskMask.h */ = {isa = PBXFileReference; explicitFileType = sourcecode.c.h; fileEncoding = 30; name = MaskMask.h; path = src/maskmask/MaskMask.h; sourceTree = SOURCE_ROOT; };
		4B4B88D93FC96FE613E06609 /* ToolsView.mm */ = {isa = PBXFileReference; explicitFileType = sourcecode.cpp.objcpp; fileEncoding = 30; name = ToolsView.mm; path = src/ToolsView.mm; sourceTree = SOURCE_ROOT; };
		4E336EECEF24FE60C5234EB0 /* svgtiny_internal.h */ = {isa = PBXFileReference; explicitFileType = sourcecode.c.h; fileEncoding = 30; name = svgtiny_internal.h; path = ../../../addons/ofxSvgLoader/libs/svgTiny/src/svgtiny_internal.h; sourceTree = SOURCE_ROOT; };
		5C1C5EEDEE1726CAF180D4FA /* src_colors.cpp */ = {isa = PBXFileReference; explicitFileType = sourcecode.cpp.cpp; fileEncoding = 30; name = src_colors.cpp; path = ../../../addons/ofxSvgLoader/libs/svgTiny/src/src_colors.cpp; sourceTree = SOURCE_ROOT; };
		69B8BBD7E74FC6A5B7DAABFD /* ofxCocoaGLView.h */ = {isa = PBXFileReference; explicitFileType = sourcecode.c.h; fileEncoding = 30; name = ofxCocoaGLView.h; path = ../../../addons/ofxCocoaGLView/src/ofxCocoaGLView.h; sourceTree = SOURCE_ROOT; };
		74502016E83561598E9F1614 /* MainView.mm */ = {isa = PBXFileReference; explicitFileType = sourcecode.cpp.objcpp; fileEncoding = 30; name = MainView.mm; path = src/MainView.mm; sourceTree = SOURCE_ROOT; };
		74B5E4E29D031AC517B025CC /* ofxSvgBase.cpp */ = {isa = PBXFileReference; explicitFileType = sourcecode.cpp.cpp; fileEncoding = 30; name = ofxSvgBase.cpp; path = ../../../addons/ofxSvgLoader/src/ofxSvgBase.cpp; sourceTree = SOURCE_ROOT; };
		7B5BB2D6BD4321D7CAAF77DE /* ToolsView.h */ = {isa = PBXFileReference; explicitFileType = sourcecode.c.h; fileEncoding = 30; name = ToolsView.h; path = src/ToolsView.h; sourceTree = SOURCE_ROOT; };
		7CCC868BABA14D76FAEFD72D /* ofxCocoaUtils.h */ = {isa = PBXFileReference; explicitFileType = sourcecode.c.h; fileEncoding = 30; name = ofxCocoaUtils.h; path = src/maskmask/ofxCocoaUtils.h; sourceTree = SOURCE_ROOT; };
		81A791E804E69C6609D9085B /* ofxSvgLoader.cpp */ = {isa = PBXFileReference; explicitFileType = sourcecode.cpp.cpp; fileEncoding = 30; name = ofxSvgLoader.cpp; path = ../../../addons/ofxSvgLoader/src/ofxSvgLoader.cpp; sourceTree = SOURCE_ROOT; };
		980F3D9F6B992C4098A22FF8 /* Shape.mm */ = {isa = PBXFileReference; explicitFileType = sourcecode.cpp.objcpp; fileEncoding = 30; name = Shape.mm; path = src/maskmask/Shape.mm; sourceTree = SOURCE_ROOT; };
		A039A2260A923A96B78BF214 /* Shape.h */ = {isa = PBXFileReference; explicitFileType = sourcecode.c.h; fileEncoding = 30; name = Shape.h; path = src/maskmask/Shape.h; sourceTree = SOURCE_ROOT; };
		A551B736464788B3BE3D9646 /* MMConstants.h */ = {isa = PBXFileReference; explicitFileType = sourcecode.c.h; fileEncoding = 30; name = MMConstants.h; path = src/maskmask/MMConstants.h; sourceTree = SOURCE_ROOT; };
		AA08F623521AD18D4407B638 /* ofxSvgBase.h */ = {isa = PBXFileReference; explicitFileType = sourcecode.c.h; fileEncoding = 30; name = ofxSvgBase.h; path = ../../../addons/ofxSvgLoader/src/ofxSvgBase.h; sourceTree = SOURCE_ROOT; };
		B05F240AF8BA3729E50D5FE7 /* MainView.h */ = {isa = PBXFileReference; explicitFileType = sourcecode.c.h; fileEncoding = 30; name = MainView.h; path = src/MainView.h; sourceTree = SOURCE_ROOT; };
		B071F6A3F0D5978E9637AB75 /* ofxSvgLoader.h */ = {isa = PBXFileReference; explicitFileType = sourcecode.c.h; fileEncoding = 30; name = ofxSvgLoader.h; path = ../../../addons/ofxSvgLoader/src/ofxSvgLoader.h; sourceTree = SOURCE_ROOT; };
		C15AC28AE73FFDF00C18C4C3 /* svgtiny_gradient.cpp */ = {isa = PBXFileReference; explicitFileType = sourcecode.cpp.cpp; fileEncoding = 30; name = svgtiny_gradient.cpp; path = ../../../addons/ofxSvgLoader/libs/svgTiny/src/svgtiny_gradient.cpp; sourceTree = SOURCE_ROOT; };
		C6F985582DB2246149FA74A9 /* ofxSvgGroup.h */ = {isa = PBXFileReference; explicitFileType = sourcecode.c.h; fileEncoding = 30; name = ofxSvgGroup.h; path = ../../../addons/ofxSvgLoader/src/ofxSvgGroup.h; sourceTree = SOURCE_ROOT; };
		CE3C2D538591CD84FF3620A4 /* ofxCustomGLView.h */ = {isa = PBXFileReference; explicitFileType = sourcecode.c.h; fileEncoding = 30; name = ofxCustomGLView.h; path = ../../../addons/ofxCocoaGLView/src/ofxCustomGLView.h; sourceTree = SOURCE_ROOT; };
		D00A66F20DF41FFD0B32A05B /* AppDelegate.m */ = {isa = PBXFileReference; explicitFileType = sourcecode.cpp.objcpp; fileEncoding = 30; name = AppDelegate.m; path = src/AppDelegate.m; sourceTree = SOURCE_ROOT; };
		D83B9BF8A825C71A169FEF71 /* svgtiny.h */ = {isa = PBXFileReference; explicitFileType = sourcecode.c.h; fileEncoding = 30; name = svgtiny.h; path = ../../../addons/ofxSvgLoader/libs/svgTiny/src/svgtiny.h; sourceTree = SOURCE_ROOT; };
		D89059A7A504EE3C62BEA574 /* StatusbarDelegate.h */ = {isa = PBXFileReference; explicitFileType = sourcecode.c.h; fileEncoding = 30; name = StatusbarDelegate.h; path = src/StatusbarDelegate.h; sourceTree = SOURCE_ROOT; };
		DD31BD78C1EEF52210EEB973 /* ofxCocoaGLView.mm */ = {isa = PBXFileReference; explicitFileType = sourcecode.cpp.objcpp; fileEncoding = 30; name = ofxCocoaGLView.mm; path = ../../../addons/ofxCocoaGLView/src/ofxCocoaGLView.mm; sourceTree = SOURCE_ROOT; };
		E4328143138ABC890047C5CB /* openFrameworksLib.xcodeproj */ = {isa = PBXFileReference; lastKnownFileType = "wrapper.pb-project"; name = openFrameworksLib.xcodeproj; path = ../../../libs/openFrameworksCompiled/project/osx/openFrameworksLib.xcodeproj; sourceTree = SOURCE_ROOT; };
		E46E652ED2192718FB7EC06F /* Manager.mm */ = {isa = PBXFileReference; explicitFileType = sourcecode.cpp.objcpp; fileEncoding = 30; name = Manager.mm; path = src/maskmask/Manager.mm; sourceTree = SOURCE_ROOT; };
		E4B69B5B0A3A1756003C02F2 /* MaskMaskDebug.app */ = {isa = PBXFileReference; explicitFileType = wrapper.application; includeInIndex = 0; path = MaskMaskDebug.app; sourceTree = BUILT_PRODUCTS_DIR; };
		E4B6FCAD0C3E899E008CF71C /* openFrameworks-Info.plist */ = {isa = PBXFileReference; fileEncoding = 30; lastKnownFileType = text.plist.xml; path = "openFrameworks-Info.plist"; sourceTree = "<group>"; };
		E4EB691F138AFCF100A09F29 /* CoreOF.xcconfig */ = {isa = PBXFileReference; fileEncoding = 4; lastKnownFileType = text.xcconfig; name = CoreOF.xcconfig; path = ../../../libs/openFrameworksCompiled/project/osx/CoreOF.xcconfig; sourceTree = SOURCE_ROOT; };
		E4EB6923138AFD0F00A09F29 /* Project.xcconfig */ = {isa = PBXFileReference; fileEncoding = 4; lastKnownFileType = text.xcconfig; path = Project.xcconfig; sourceTree = "<group>"; };
		E91800427344129BA9B577A8 /* svgtiny.cpp */ = {isa = PBXFileReference; explicitFileType = sourcecode.cpp.cpp; fileEncoding = 30; name = svgtiny.cpp; path = ../../../addons/ofxSvgLoader/libs/svgTiny/src/svgtiny.cpp; sourceTree = SOURCE_ROOT; };
		EF00A4B3EC46F0F316096FD7 /* svgtiny_list.cpp */ = {isa = PBXFileReference; explicitFileType = sourcecode.cpp.cpp; fileEncoding = 30; name = svgtiny_list.cpp; path = ../../../addons/ofxSvgLoader/libs/svgTiny/src/svgtiny_list.cpp; sourceTree = SOURCE_ROOT; };
		EF1A035FCFDF8C2E18E03140 /* Tutorial.h */ = {isa = PBXFileReference; explicitFileType = sourcecode.c.h; fileEncoding = 30; name = Tutorial.h; path = src/maskmask/Tutorial.h; sourceTree = SOURCE_ROOT; };
/* End PBXFileReference section */

/* Begin PBXFrameworksBuildPhase section */
		E4B69B590A3A1756003C02F2 /* Frameworks */ = {
			isa = PBXFrameworksBuildPhase;
			buildActionMask = 2147483647;
			files = (
				E4328149138ABC9F0047C5CB /* openFrameworksDebug.a in Frameworks */,
			);
			runOnlyForDeploymentPostprocessing = 0;
		};
/* End PBXFrameworksBuildPhase section */

/* Begin PBXGroup section */
		019B15FA1BFF7CEF00B479F4 /* Resources */ = {
			isa = PBXGroup;
			children = (
				019B15FB1BFF7CFA00B479F4 /* cursors */,
				019B15FC1BFF7CFA00B479F4 /* documentation */,
				019B15FD1BFF7CFA00B479F4 /* fonts */,
				019B15FE1BFF7CFA00B479F4 /* icon_task_black.png */,
				019B15FF1BFF7CFA00B479F4 /* icon_task_white.png */,
				019B16001BFF7CFA00B479F4 /* MainMenu.xib */,
				019B16021BFF7CFA00B479F4 /* settings.xml */,
				019B16031BFF7CFA00B479F4 /* shaders */,
				019B16041BFF7CFA00B479F4 /* tools */,
				019B16051BFF7CFA00B479F4 /* tutorial */,
			);
			name = Resources;
			sourceTree = "<group>";
		};
		6948EE371B920CB800B5AC1A /* local_addons */ = {
			isa = PBXGroup;
			children = (
			);
			name = local_addons;
			sourceTree = "<group>";
		};
		8002A423E8FDC34EC1D75CD3 /* src */ = {
			isa = PBXGroup;
			children = (
				69B8BBD7E74FC6A5B7DAABFD /* ofxCocoaGLView.h */,
				DD31BD78C1EEF52210EEB973 /* ofxCocoaGLView.mm */,
				CE3C2D538591CD84FF3620A4 /* ofxCustomGLView.h */,
			);
			name = src;
			sourceTree = "<group>";
		};
		B9FDE493896381560FC41AC0 /* svgTiny */ = {
			isa = PBXGroup;
			children = (
				FA1ADF64D913941D58D90E63 /* src */,
			);
			name = svgTiny;
			sourceTree = "<group>";
		};
		BB4B014C10F69532006C3DED /* addons */ = {
			isa = PBXGroup;
			children = (
				F1C3E11774094FB847682CDE /* ofxCocoaGLView */,
				DB633029EC1DDCDFF5568E2A /* ofxSvgLoader */,
			);
			name = addons;
			sourceTree = "<group>";
		};
		BFDDE9A6401A13DBFF944683 /* src */ = {
			isa = PBXGroup;
			children = (
				74B5E4E29D031AC517B025CC /* ofxSvgBase.cpp */,
				AA08F623521AD18D4407B638 /* ofxSvgBase.h */,
				3CE1BF488C57A151E3F57C86 /* ofxSvgGroup.cpp */,
				C6F985582DB2246149FA74A9 /* ofxSvgGroup.h */,
				81A791E804E69C6609D9085B /* ofxSvgLoader.cpp */,
				B071F6A3F0D5978E9637AB75 /* ofxSvgLoader.h */,
			);
			name = src;
			sourceTree = "<group>";
		};
		DB633029EC1DDCDFF5568E2A /* ofxSvgLoader */ = {
			isa = PBXGroup;
			children = (
				BFDDE9A6401A13DBFF944683 /* src */,
				FEFA88B43833356A9A9B4208 /* libs */,
			);
			name = ofxSvgLoader;
			sourceTree = "<group>";
		};
		E4328144138ABC890047C5CB /* Products */ = {
			isa = PBXGroup;
			children = (
				E4328148138ABC890047C5CB /* openFrameworksDebug.a */,
			);
			name = Products;
			sourceTree = "<group>";
		};
		E4A5E94C9B19DE72B77E1B07 /* maskmask */ = {
			isa = PBXGroup;
			children = (
				33A074C70635C44A974FBAAB /* Manager.h */,
				E46E652ED2192718FB7EC06F /* Manager.mm */,
				45FF0D3B4A5CA35C95A8BE91 /* MaskMask.h */,
				A551B736464788B3BE3D9646 /* MMConstants.h */,
				7CCC868BABA14D76FAEFD72D /* ofxCocoaUtils.h */,
				09A417E5BDEE611F8E24B002 /* ofxCocoaUtils.mm */,
				A039A2260A923A96B78BF214 /* Shape.h */,
				980F3D9F6B992C4098A22FF8 /* Shape.mm */,
				EF1A035FCFDF8C2E18E03140 /* Tutorial.h */,
			);
			name = maskmask;
			sourceTree = "<group>";
		};
		E4B69B4A0A3A1720003C02F2 = {
			isa = PBXGroup;
			children = (
				019B15FA1BFF7CEF00B479F4 /* Resources */,
				E4B6FCAD0C3E899E008CF71C /* openFrameworks-Info.plist */,
				E4EB6923138AFD0F00A09F29 /* Project.xcconfig */,
				E4B69E1C0A3A1BDC003C02F2 /* src */,
				E4EEC9E9138DF44700A80321 /* openFrameworks */,
				BB4B014C10F69532006C3DED /* addons */,
				6948EE371B920CB800B5AC1A /* local_addons */,
				E4B69B5B0A3A1756003C02F2 /* MaskMaskDebug.app */,
			);
			sourceTree = "<group>";
		};
		E4B69E1C0A3A1BDC003C02F2 /* src */ = {
			isa = PBXGroup;
			children = (
				019B16111BFF7E0400B479F4 /* main.mm */,
				2CE1CB5DCF4228611BA16CB7 /* AppDelegate.h */,
				D00A66F20DF41FFD0B32A05B /* AppDelegate.m */,
				B05F240AF8BA3729E50D5FE7 /* MainView.h */,
				74502016E83561598E9F1614 /* MainView.mm */,
				E4A5E94C9B19DE72B77E1B07 /* maskmask */,
				D89059A7A504EE3C62BEA574 /* StatusbarDelegate.h */,
				40BF8BC8E1AEB59F050B6B0B /* StatusbarDelegate.mm */,
				7B5BB2D6BD4321D7CAAF77DE /* ToolsView.h */,
				4B4B88D93FC96FE613E06609 /* ToolsView.mm */,
			);
			path = src;
			sourceTree = SOURCE_ROOT;
		};
		E4EEC9E9138DF44700A80321 /* openFrameworks */ = {
			isa = PBXGroup;
			children = (
				E4EB691F138AFCF100A09F29 /* CoreOF.xcconfig */,
				E4328143138ABC890047C5CB /* openFrameworksLib.xcodeproj */,
			);
			name = openFrameworks;
			sourceTree = "<group>";
		};
		F1C3E11774094FB847682CDE /* ofxCocoaGLView */ = {
			isa = PBXGroup;
			children = (
				8002A423E8FDC34EC1D75CD3 /* src */,
			);
			name = ofxCocoaGLView;
			sourceTree = "<group>";
		};
		FA1ADF64D913941D58D90E63 /* src */ = {
			isa = PBXGroup;
			children = (
				5C1C5EEDEE1726CAF180D4FA /* src_colors.cpp */,
				E91800427344129BA9B577A8 /* svgtiny.cpp */,
				D83B9BF8A825C71A169FEF71 /* svgtiny.h */,
				C15AC28AE73FFDF00C18C4C3 /* svgtiny_gradient.cpp */,
				4E336EECEF24FE60C5234EB0 /* svgtiny_internal.h */,
				EF00A4B3EC46F0F316096FD7 /* svgtiny_list.cpp */,
			);
			name = src;
			sourceTree = "<group>";
		};
		FEFA88B43833356A9A9B4208 /* libs */ = {
			isa = PBXGroup;
			children = (
				B9FDE493896381560FC41AC0 /* svgTiny */,
			);
			name = libs;
			sourceTree = "<group>";
		};
/* End PBXGroup section */

/* Begin PBXNativeTarget section */
		E4B69B5A0A3A1756003C02F2 /* MaskMask */ = {
			isa = PBXNativeTarget;
			buildConfigurationList = E4B69B5F0A3A1757003C02F2 /* Build configuration list for PBXNativeTarget "MaskMask" */;
			buildPhases = (
				E4B69B580A3A1756003C02F2 /* Sources */,
				E4B69B590A3A1756003C02F2 /* Frameworks */,
				E4B6FFFD0C3F9AB9008CF71C /* ShellScript */,
				E4C2427710CC5ABF004149E2 /* CopyFiles */,
				019B15F91BFF7CE800B479F4 /* Resources */,
			);
			buildRules = (
			);
			dependencies = (
				E4EEB9AC138B136A00A80321 /* PBXTargetDependency */,
			);
			name = MaskMask;
			productName = myOFApp;
			productReference = E4B69B5B0A3A1756003C02F2 /* MaskMaskDebug.app */;
			productType = "com.apple.product-type.application";
		};
/* End PBXNativeTarget section */

/* Begin PBXProject section */
		E4B69B4C0A3A1720003C02F2 /* Project object */ = {
			isa = PBXProject;
			attributes = {
				LastUpgradeCheck = 0600;
			};
			buildConfigurationList = E4B69B4D0A3A1720003C02F2 /* Build configuration list for PBXProject "MaskMask" */;
			compatibilityVersion = "Xcode 3.2";
			developmentRegion = English;
			hasScannedForEncodings = 0;
			knownRegions = (
				English,
				Japanese,
				French,
				German,
			);
			mainGroup = E4B69B4A0A3A1720003C02F2;
			productRefGroup = E4B69B4A0A3A1720003C02F2;
			projectDirPath = "";
			projectReferences = (
				{
					ProductGroup = E4328144138ABC890047C5CB /* Products */;
					ProjectRef = E4328143138ABC890047C5CB /* openFrameworksLib.xcodeproj */;
				},
			);
			projectRoot = "";
			targets = (
				E4B69B5A0A3A1756003C02F2 /* MaskMask */,
			);
		};
/* End PBXProject section */

/* Begin PBXReferenceProxy section */
		E4328148138ABC890047C5CB /* openFrameworksDebug.a */ = {
			isa = PBXReferenceProxy;
			fileType = archive.ar;
			path = openFrameworksDebug.a;
			remoteRef = E4328147138ABC890047C5CB /* PBXContainerItemProxy */;
			sourceTree = BUILT_PRODUCTS_DIR;
		};
/* End PBXReferenceProxy section */

/* Begin PBXResourcesBuildPhase section */
		019B15F91BFF7CE800B479F4 /* Resources */ = {
			isa = PBXResourcesBuildPhase;
			buildActionMask = 2147483647;
			files = (
				019B16061BFF7CFD00B479F4 /* cursors in Resources */,
				019B16071BFF7CFD00B479F4 /* documentation in Resources */,
				019B16081BFF7CFD00B479F4 /* fonts in Resources */,
				019B16091BFF7CFD00B479F4 /* icon_task_black.png in Resources */,
				019B160A1BFF7CFD00B479F4 /* icon_task_white.png in Resources */,
				019B160B1BFF7CFD00B479F4 /* MainMenu.xib in Resources */,
				019B160D1BFF7CFD00B479F4 /* settings.xml in Resources */,
				019B160E1BFF7CFD00B479F4 /* shaders in Resources */,
				019B160F1BFF7CFD00B479F4 /* tools in Resources */,
				019B16101BFF7CFD00B479F4 /* tutorial in Resources */,
			);
			runOnlyForDeploymentPostprocessing = 0;
		};
/* End PBXResourcesBuildPhase section */

/* Begin PBXShellScriptBuildPhase section */
		E4B6FFFD0C3F9AB9008CF71C /* ShellScript */ = {
			isa = PBXShellScriptBuildPhase;
			buildActionMask = 2147483647;
			files = (
			);
			inputPaths = (
			);
			outputPaths = (
			);
			runOnlyForDeploymentPostprocessing = 0;
			shellPath = /bin/sh;
			shellScript = "rsync -aved ../../../libs/fmodex/lib/osx/libfmodex.dylib \"$TARGET_BUILD_DIR/$PRODUCT_NAME.app/Contents/MacOS/\"; install_name_tool -change ./libfmodex.dylib @executable_path/libfmodex.dylib \"$TARGET_BUILD_DIR/$PRODUCT_NAME.app/Contents/MacOS/$PRODUCT_NAME\";\nmkdir -p \"$TARGET_BUILD_DIR/$PRODUCT_NAME.app/Contents/Resources/\"\nrsync -aved \"$ICON_FILE\" \"$TARGET_BUILD_DIR/$PRODUCT_NAME.app/Contents/Resources/\"\nrsync -aved ../../../libs/glut/lib/osx/GLUT.framework \"$TARGET_BUILD_DIR/$PRODUCT_NAME.app/Contents/Frameworks/\"\n";
		};
/* End PBXShellScriptBuildPhase section */

/* Begin PBXSourcesBuildPhase section */
		E4B69B580A3A1756003C02F2 /* Sources */ = {
			isa = PBXSourcesBuildPhase;
			buildActionMask = 2147483647;
			files = (
				E9091509AEBEDEE1BA1C6285 /* AppDelegate.m in Sources */,
				1F9887E156EC9A1F76A881B7 /* MainView.mm in Sources */,
				26A6671F023A9D6E85F98CD3 /* Manager.mm in Sources */,
				44388FA5857D59FA8F9B52AC /* ofxCocoaUtils.mm in Sources */,
				019B16121BFF7E0400B479F4 /* main.mm in Sources */,
				B5B5D4758CAA51D07B40C79D /* Shape.mm in Sources */,
				FCD9F5B20CA22E1DE527E8DB /* StatusbarDelegate.mm in Sources */,
				DC7E689ED29EF3AC5CCA9E9B /* ToolsView.mm in Sources */,
				85435BA9BB6BC3C72794C4CA /* ofxCocoaGLView.mm in Sources */,
				67ECE1AA209B62B37AF80938 /* ofxSvgBase.cpp in Sources */,
				D312016F653749193BE87CFF /* ofxSvgGroup.cpp in Sources */,
				24E53321950C7F0638CE771B /* ofxSvgLoader.cpp in Sources */,
				94DB4D7602EAE4C3FB11791A /* src_colors.cpp in Sources */,
				3BB2BA7AFF9E6D84AF73B36E /* svgtiny.cpp in Sources */,
				F9BA456A98A3891F541CC53D /* svgtiny_gradient.cpp in Sources */,
				45A0C6BA8B3F9A5094769970 /* svgtiny_list.cpp in Sources */,
			);
			runOnlyForDeploymentPostprocessing = 0;
		};
/* End PBXSourcesBuildPhase section */

/* Begin PBXTargetDependency section */
		E4EEB9AC138B136A00A80321 /* PBXTargetDependency */ = {
			isa = PBXTargetDependency;
			name = openFrameworks;
			targetProxy = E4EEB9AB138B136A00A80321 /* PBXContainerItemProxy */;
		};
/* End PBXTargetDependency section */

/* Begin XCBuildConfiguration section */
		E4B69B4E0A3A1720003C02F2 /* Debug */ = {
			isa = XCBuildConfiguration;
			baseConfigurationReference = E4EB6923138AFD0F00A09F29 /* Project.xcconfig */;
			buildSettings = {
				CONFIGURATION_BUILD_DIR = "$(SRCROOT)/bin/";
				COPY_PHASE_STRIP = NO;
				DEAD_CODE_STRIPPING = YES;
				GCC_AUTO_VECTORIZATION = YES;
				GCC_ENABLE_SSE3_EXTENSIONS = YES;
				GCC_ENABLE_SUPPLEMENTAL_SSE3_INSTRUCTIONS = YES;
				GCC_INLINES_ARE_PRIVATE_EXTERN = NO;
				GCC_OPTIMIZATION_LEVEL = 0;
				GCC_SYMBOLS_PRIVATE_EXTERN = NO;
				GCC_WARN_ABOUT_DEPRECATED_FUNCTIONS = YES;
				GCC_WARN_ABOUT_INVALID_OFFSETOF_MACRO = NO;
				GCC_WARN_ALLOW_INCOMPLETE_PROTOCOL = NO;
				GCC_WARN_UNINITIALIZED_AUTOS = NO;
				GCC_WARN_UNUSED_VALUE = NO;
				GCC_WARN_UNUSED_VARIABLE = NO;
				HEADER_SEARCH_PATHS = (
					"$(OF_CORE_HEADERS)",
					src,
					src/maskmask,
					../../../addons/ofxCocoaGLView/src,
					../../../addons/ofxSvgLoader/libs,
					../../../addons/ofxSvgLoader/libs/svgTiny,
					../../../addons/ofxSvgLoader/libs/svgTiny/src,
					../../../addons/ofxSvgLoader/src,
				);
				MACOSX_DEPLOYMENT_TARGET = 10.8;
				ONLY_ACTIVE_ARCH = YES;
				OTHER_CPLUSPLUSFLAGS = (
					"-D__MACOSX_CORE__",
					"-mtune=native",
				);
				SDKROOT = macosx;
			};
			name = Debug;
		};
		E4B69B4F0A3A1720003C02F2 /* Release */ = {
			isa = XCBuildConfiguration;
			baseConfigurationReference = E4EB6923138AFD0F00A09F29 /* Project.xcconfig */;
			buildSettings = {
				CONFIGURATION_BUILD_DIR = "$(SRCROOT)/bin/";
				COPY_PHASE_STRIP = YES;
				DEAD_CODE_STRIPPING = YES;
				GCC_AUTO_VECTORIZATION = YES;
				GCC_ENABLE_SSE3_EXTENSIONS = YES;
				GCC_ENABLE_SUPPLEMENTAL_SSE3_INSTRUCTIONS = YES;
				GCC_INLINES_ARE_PRIVATE_EXTERN = NO;
				GCC_OPTIMIZATION_LEVEL = 3;
				GCC_SYMBOLS_PRIVATE_EXTERN = NO;
				GCC_UNROLL_LOOPS = YES;
				GCC_WARN_ABOUT_DEPRECATED_FUNCTIONS = YES;
				GCC_WARN_ABOUT_INVALID_OFFSETOF_MACRO = NO;
				GCC_WARN_ALLOW_INCOMPLETE_PROTOCOL = NO;
				GCC_WARN_UNINITIALIZED_AUTOS = NO;
				GCC_WARN_UNUSED_VALUE = NO;
				GCC_WARN_UNUSED_VARIABLE = NO;
				HEADER_SEARCH_PATHS = (
					"$(OF_CORE_HEADERS)",
					src,
					src/maskmask,
					../../../addons/ofxCocoaGLView/src,
					../../../addons/ofxSvgLoader/libs,
					../../../addons/ofxSvgLoader/libs/svgTiny,
					../../../addons/ofxSvgLoader/libs/svgTiny/src,
					../../../addons/ofxSvgLoader/src,
				);
				MACOSX_DEPLOYMENT_TARGET = 10.8;
				OTHER_CPLUSPLUSFLAGS = (
					"-D__MACOSX_CORE__",
					"-mtune=native",
				);
				SDKROOT = macosx;
			};
			name = Release;
		};
		E4B69B600A3A1757003C02F2 /* Debug */ = {
			isa = XCBuildConfiguration;
			baseConfigurationReference = E4EB6923138AFD0F00A09F29 /* Project.xcconfig */;
			buildSettings = {
				COMBINE_HIDPI_IMAGES = YES;
				COPY_PHASE_STRIP = NO;
				FRAMEWORK_SEARCH_PATHS = (
					"$(inherited)",
					"$(FRAMEWORK_SEARCH_PATHS_QUOTED_FOR_TARGET_1)",
				);
				FRAMEWORK_SEARCH_PATHS_QUOTED_FOR_TARGET_1 = "\"$(SRCROOT)/../../../libs/glut/lib/osx\"";
				GCC_DYNAMIC_NO_PIC = NO;
				GCC_GENERATE_DEBUGGING_SYMBOLS = YES;
				GCC_MODEL_TUNING = NONE;
				HEADER_SEARCH_PATHS = (
					"$(OF_CORE_HEADERS)",
					src,
					src/maskmask,
					../../../addons/ofxCocoaGLView/src,
					../../../addons/ofxSvgLoader/libs,
					../../../addons/ofxSvgLoader/libs/svgTiny,
					../../../addons/ofxSvgLoader/libs/svgTiny/src,
					../../../addons/ofxSvgLoader/src,
				);
				ICON = "$(ICON_NAME_DEBUG)";
				ICON_FILE = "$(ICON_FILE_PATH)$(ICON)";
				INFOPLIST_FILE = "openFrameworks-Info.plist";
				INSTALL_PATH = "$(HOME)/Applications";
				LIBRARY_SEARCH_PATHS = "$(inherited)";
				PRODUCT_NAME = "$(TARGET_NAME)Debug";
				WRAPPER_EXTENSION = app;
			};
			name = Debug;
		};
		E4B69B610A3A1757003C02F2 /* Release */ = {
			isa = XCBuildConfiguration;
			baseConfigurationReference = E4EB6923138AFD0F00A09F29 /* Project.xcconfig */;
			buildSettings = {
				COMBINE_HIDPI_IMAGES = YES;
				COPY_PHASE_STRIP = YES;
				FRAMEWORK_SEARCH_PATHS = (
					"$(inherited)",
					"$(FRAMEWORK_SEARCH_PATHS_QUOTED_FOR_TARGET_1)",
				);
				FRAMEWORK_SEARCH_PATHS_QUOTED_FOR_TARGET_1 = "\"$(SRCROOT)/../../../libs/glut/lib/osx\"";
				GCC_GENERATE_DEBUGGING_SYMBOLS = YES;
				GCC_MODEL_TUNING = NONE;
				HEADER_SEARCH_PATHS = (
					"$(OF_CORE_HEADERS)",
					src,
					src/maskmask,
					../../../addons/ofxCocoaGLView/src,
					../../../addons/ofxSvgLoader/libs,
					../../../addons/ofxSvgLoader/libs/svgTiny,
					../../../addons/ofxSvgLoader/libs/svgTiny/src,
					../../../addons/ofxSvgLoader/src,
				);
				ICON = "$(ICON_NAME_RELEASE)";
				ICON_FILE = "$(ICON_FILE_PATH)$(ICON)";
				INFOPLIST_FILE = "openFrameworks-Info.plist";
				INSTALL_PATH = "$(HOME)/Applications";
				LIBRARY_SEARCH_PATHS = "$(inherited)";
				PRODUCT_NAME = "$(TARGET_NAME)";
				WRAPPER_EXTENSION = app;
				baseConfigurationReference = E4EB6923138AFD0F00A09F29;
			};
			name = Release;
		};
/* End XCBuildConfiguration section */

/* Begin XCConfigurationList section */
		E4B69B4D0A3A1720003C02F2 /* Build configuration list for PBXProject "MaskMask" */ = {
			isa = XCConfigurationList;
			buildConfigurations = (
				E4B69B4E0A3A1720003C02F2 /* Debug */,
				E4B69B4F0A3A1720003C02F2 /* Release */,
			);
			defaultConfigurationIsVisible = 0;
			defaultConfigurationName = Release;
		};
		E4B69B5F0A3A1757003C02F2 /* Build configuration list for PBXNativeTarget "MaskMask" */ = {
			isa = XCConfigurationList;
			buildConfigurations = (
				E4B69B600A3A1757003C02F2 /* Debug */,
				E4B69B610A3A1757003C02F2 /* Release */,
			);
			defaultConfigurationIsVisible = 0;
			defaultConfigurationName = Release;
		};
/* End XCConfigurationList section */
	};
	rootObject = E4B69B4C0A3A1720003C02F2 /* Project object */;
}
